
Microsoft Visual Studio Solution File, Format Version 12.00
# Visual Studio 15
VisualStudioVersion = 15.0.26730.16
MinimumVisualStudioVersion = 10.0.40219.1
Project("{FAE04EC0-301F-11D3-BF4B-00C04F79EFBC}") = "XF.AplicativoFIAP.Android", "XF.AplicativoFIAP\XF.AplicativoFIAP.Android\XF.AplicativoFIAP.Android.csproj", "{AA249F89-3B7C-4033-B2AC-9C523D534137}"
EndProject
Project("{FAE04EC0-301F-11D3-BF4B-00C04F79EFBC}") = "XF.AplicativoFIAP", "XF.AplicativoFIAP\XF.AplicativoFIAP\XF.AplicativoFIAP.csproj", "{147CF346-E6D0-4F9D-9DA8-734E06187AE0}"
EndProject
Project("{FAE04EC0-301F-11D3-BF4B-00C04F79EFBC}") = "XF.AplicativoFIAP.UWP", "XF.AplicativoFIAP\XF.AplicativoFIAP.UWP\XF.AplicativoFIAP.UWP.csproj", "{84B3A978-E757-4BFC-B57A-796D6B4CD639}"
EndProject
Project("{FAE04EC0-301F-11D3-BF4B-00C04F79EFBC}") = "XF.AplicativoFIAP.iOS", "XF.AplicativoFIAP\XF.AplicativoFIAP.iOS\XF.AplicativoFIAP.iOS.csproj", "{2BCFAFED-71AA-42A9-A265-66D93F88CD89}"
EndProject
Global
	GlobalSection(SolutionConfigurationPlatforms) = preSolution
		Ad-Hoc|Any CPU = Ad-Hoc|Any CPU
		Ad-Hoc|ARM = Ad-Hoc|ARM
		Ad-Hoc|iPhone = Ad-Hoc|iPhone
		Ad-Hoc|iPhoneSimulator = Ad-Hoc|iPhoneSimulator
		Ad-Hoc|x64 = Ad-Hoc|x64
		Ad-Hoc|x86 = Ad-Hoc|x86
		AppStore|Any CPU = AppStore|Any CPU
		AppStore|ARM = AppStore|ARM
		AppStore|iPhone = AppStore|iPhone
		AppStore|iPhoneSimulator = AppStore|iPhoneSimulator
		AppStore|x64 = AppStore|x64
		AppStore|x86 = AppStore|x86
		Debug|Any CPU = Debug|Any CPU
		Debug|ARM = Debug|ARM
		Debug|iPhone = Debug|iPhone
		Debug|iPhoneSimulator = Debug|iPhoneSimulator
		Debug|x64 = Debug|x64
		Debug|x86 = Debug|x86
		Release|Any CPU = Release|Any CPU
		Release|ARM = Release|ARM
		Release|iPhone = Release|iPhone
		Release|iPhoneSimulator = Release|iPhoneSimulator
		Release|x64 = Release|x64
		Release|x86 = Release|x86
	EndGlobalSection
	GlobalSection(ProjectConfigurationPlatforms) = postSolution
		{AA249F89-3B7C-4033-B2AC-9C523D534137}.Ad-Hoc|Any CPU.ActiveCfg = Release|Any CPU
		{AA249F89-3B7C-4033-B2AC-9C523D534137}.Ad-Hoc|Any CPU.Build.0 = Release|Any CPU
		{AA249F89-3B7C-4033-B2AC-9C523D534137}.Ad-Hoc|Any CPU.Deploy.0 = Release|Any CPU
		{AA249F89-3B7C-4033-B2AC-9C523D534137}.Ad-Hoc|ARM.ActiveCfg = Release|Any CPU
		{AA249F89-3B7C-4033-B2AC-9C523D534137}.Ad-Hoc|ARM.Build.0 = Release|Any CPU
		{AA249F89-3B7C-4033-B2AC-9C523D534137}.Ad-Hoc|ARM.Deploy.0 = Release|Any CPU
		{AA249F89-3B7C-4033-B2AC-9C523D534137}.Ad-Hoc|iPhone.ActiveCfg = Release|Any CPU
		{AA249F89-3B7C-4033-B2AC-9C523D534137}.Ad-Hoc|iPhone.Build.0 = Release|Any CPU
		{AA249F89-3B7C-4033-B2AC-9C523D534137}.Ad-Hoc|iPhone.Deploy.0 = Release|Any CPU
		{AA249F89-3B7C-4033-B2AC-9C523D534137}.Ad-Hoc|iPhoneSimulator.ActiveCfg = Release|Any CPU
		{AA249F89-3B7C-4033-B2AC-9C523D534137}.Ad-Hoc|iPhoneSimulator.Build.0 = Release|Any CPU
		{AA249F89-3B7C-4033-B2AC-9C523D534137}.Ad-Hoc|iPhoneSimulator.Deploy.0 = Release|Any CPU
		{AA249F89-3B7C-4033-B2AC-9C523D534137}.Ad-Hoc|x64.ActiveCfg = Release|Any CPU
		{AA249F89-3B7C-4033-B2AC-9C523D534137}.Ad-Hoc|x64.Build.0 = Release|Any CPU
		{AA249F89-3B7C-4033-B2AC-9C523D534137}.Ad-Hoc|x64.Deploy.0 = Release|Any CPU
		{AA249F89-3B7C-4033-B2AC-9C523D534137}.Ad-Hoc|x86.ActiveCfg = Release|Any CPU
		{AA249F89-3B7C-4033-B2AC-9C523D534137}.Ad-Hoc|x86.Build.0 = Release|Any CPU
		{AA249F89-3B7C-4033-B2AC-9C523D534137}.Ad-Hoc|x86.Deploy.0 = Release|Any CPU
		{AA249F89-3B7C-4033-B2AC-9C523D534137}.AppStore|Any CPU.ActiveCfg = Release|Any CPU
		{AA249F89-3B7C-4033-B2AC-9C523D534137}.AppStore|Any CPU.Build.0 = Release|Any CPU
		{AA249F89-3B7C-4033-B2AC-9C523D534137}.AppStore|Any CPU.Deploy.0 = Release|Any CPU
		{AA249F89-3B7C-4033-B2AC-9C523D534137}.AppStore|ARM.ActiveCfg = Release|Any CPU
		{AA249F89-3B7C-4033-B2AC-9C523D534137}.AppStore|ARM.Build.0 = Release|Any CPU
		{AA249F89-3B7C-4033-B2AC-9C523D534137}.AppStore|ARM.Deploy.0 = Release|Any CPU
		{AA249F89-3B7C-4033-B2AC-9C523D534137}.AppStore|iPhone.ActiveCfg = Release|Any CPU
		{AA249F89-3B7C-4033-B2AC-9C523D534137}.AppStore|iPhone.Build.0 = Release|Any CPU
		{AA249F89-3B7C-4033-B2AC-9C523D534137}.AppStore|iPhone.Deploy.0 = Release|Any CPU
		{AA249F89-3B7C-4033-B2AC-9C523D534137}.AppStore|iPhoneSimulator.ActiveCfg = Release|Any CPU
		{AA249F89-3B7C-4033-B2AC-9C523D534137}.AppStore|iPhoneSimulator.Build.0 = Release|Any CPU
		{AA249F89-3B7C-4033-B2AC-9C523D534137}.AppStore|iPhoneSimulator.Deploy.0 = Release|Any CPU
		{AA249F89-3B7C-4033-B2AC-9C523D534137}.AppStore|x64.ActiveCfg = Release|Any CPU
		{AA249F89-3B7C-4033-B2AC-9C523D534137}.AppStore|x64.Build.0 = Release|Any CPU
		{AA249F89-3B7C-4033-B2AC-9C523D534137}.AppStore|x64.Deploy.0 = Release|Any CPU
		{AA249F89-3B7C-4033-B2AC-9C523D534137}.AppStore|x86.ActiveCfg = Release|Any CPU
		{AA249F89-3B7C-4033-B2AC-9C523D534137}.AppStore|x86.Build.0 = Release|Any CPU
		{AA249F89-3B7C-4033-B2AC-9C523D534137}.AppStore|x86.Deploy.0 = Release|Any CPU
		{AA249F89-3B7C-4033-B2AC-9C523D534137}.Debug|Any CPU.ActiveCfg = Debug|Any CPU
		{AA249F89-3B7C-4033-B2AC-9C523D534137}.Debug|Any CPU.Build.0 = Debug|Any CPU
		{AA249F89-3B7C-4033-B2AC-9C523D534137}.Debug|Any CPU.Deploy.0 = Debug|Any CPU
		{AA249F89-3B7C-4033-B2AC-9C523D534137}.Debug|ARM.ActiveCfg = Debug|Any CPU
		{AA249F89-3B7C-4033-B2AC-9C523D534137}.Debug|ARM.Build.0 = Debug|Any CPU
		{AA249F89-3B7C-4033-B2AC-9C523D534137}.Debug|ARM.Deploy.0 = Debug|Any CPU
		{AA249F89-3B7C-4033-B2AC-9C523D534137}.Debug|iPhone.ActiveCfg = Debug|Any CPU
		{AA249F89-3B7C-4033-B2AC-9C523D534137}.Debug|iPhone.Build.0 = Debug|Any CPU
		{AA249F89-3B7C-4033-B2AC-9C523D534137}.Debug|iPhone.Deploy.0 = Debug|Any CPU
		{AA249F89-3B7C-4033-B2AC-9C523D534137}.Debug|iPhoneSimulator.ActiveCfg = Debug|Any CPU
		{AA249F89-3B7C-4033-B2AC-9C523D534137}.Debug|iPhoneSimulator.Build.0 = Debug|Any CPU
		{AA249F89-3B7C-4033-B2AC-9C523D534137}.Debug|iPhoneSimulator.Deploy.0 = Debug|Any CPU
		{AA249F89-3B7C-4033-B2AC-9C523D534137}.Debug|x64.ActiveCfg = Debug|Any CPU
		{AA249F89-3B7C-4033-B2AC-9C523D534137}.Debug|x64.Build.0 = Debug|Any CPU
		{AA249F89-3B7C-4033-B2AC-9C523D534137}.Debug|x64.Deploy.0 = Debug|Any CPU
		{AA249F89-3B7C-4033-B2AC-9C523D534137}.Debug|x86.ActiveCfg = Debug|Any CPU
		{AA249F89-3B7C-4033-B2AC-9C523D534137}.Debug|x86.Build.0 = Debug|Any CPU
		{AA249F89-3B7C-4033-B2AC-9C523D534137}.Debug|x86.Deploy.0 = Debug|Any CPU
		{AA249F89-3B7C-4033-B2AC-9C523D534137}.Release|Any CPU.ActiveCfg = Release|Any CPU
		{AA249F89-3B7C-4033-B2AC-9C523D534137}.Release|Any CPU.Build.0 = Release|Any CPU
		{AA249F89-3B7C-4033-B2AC-9C523D534137}.Release|Any CPU.Deploy.0 = Release|Any CPU
		{AA249F89-3B7C-4033-B2AC-9C523D534137}.Release|ARM.ActiveCfg = Release|Any CPU
		{AA249F89-3B7C-4033-B2AC-9C523D534137}.Release|ARM.Build.0 = Release|Any CPU
		{AA249F89-3B7C-4033-B2AC-9C523D534137}.Release|ARM.Deploy.0 = Release|Any CPU
		{AA249F89-3B7C-4033-B2AC-9C523D534137}.Release|iPhone.ActiveCfg = Release|Any CPU
		{AA249F89-3B7C-4033-B2AC-9C523D534137}.Release|iPhone.Build.0 = Release|Any CPU
		{AA249F89-3B7C-4033-B2AC-9C523D534137}.Release|iPhone.Deploy.0 = Release|Any CPU
		{AA249F89-3B7C-4033-B2AC-9C523D534137}.Release|iPhoneSimulator.ActiveCfg = Release|Any CPU
		{AA249F89-3B7C-4033-B2AC-9C523D534137}.Release|iPhoneSimulator.Build.0 = Release|Any CPU
		{AA249F89-3B7C-4033-B2AC-9C523D534137}.Release|iPhoneSimulator.Deploy.0 = Release|Any CPU
		{AA249F89-3B7C-4033-B2AC-9C523D534137}.Release|x64.ActiveCfg = Release|Any CPU
		{AA249F89-3B7C-4033-B2AC-9C523D534137}.Release|x64.Build.0 = Release|Any CPU
		{AA249F89-3B7C-4033-B2AC-9C523D534137}.Release|x64.Deploy.0 = Release|Any CPU
		{AA249F89-3B7C-4033-B2AC-9C523D534137}.Release|x86.ActiveCfg = Release|Any CPU
		{AA249F89-3B7C-4033-B2AC-9C523D534137}.Release|x86.Build.0 = Release|Any CPU
		{AA249F89-3B7C-4033-B2AC-9C523D534137}.Release|x86.Deploy.0 = Release|Any CPU
		{147CF346-E6D0-4F9D-9DA8-734E06187AE0}.Ad-Hoc|Any CPU.ActiveCfg = Release|Any CPU
		{147CF346-E6D0-4F9D-9DA8-734E06187AE0}.Ad-Hoc|Any CPU.Build.0 = Release|Any CPU
		{147CF346-E6D0-4F9D-9DA8-734E06187AE0}.Ad-Hoc|ARM.ActiveCfg = Release|Any CPU
		{147CF346-E6D0-4F9D-9DA8-734E06187AE0}.Ad-Hoc|ARM.Build.0 = Release|Any CPU
		{147CF346-E6D0-4F9D-9DA8-734E06187AE0}.Ad-Hoc|iPhone.ActiveCfg = Release|Any CPU
		{147CF346-E6D0-4F9D-9DA8-734E06187AE0}.Ad-Hoc|iPhone.Build.0 = Release|Any CPU
		{147CF346-E6D0-4F9D-9DA8-734E06187AE0}.Ad-Hoc|iPhoneSimulator.ActiveCfg = Release|Any CPU
		{147CF346-E6D0-4F9D-9DA8-734E06187AE0}.Ad-Hoc|iPhoneSimulator.Build.0 = Release|Any CPU
		{147CF346-E6D0-4F9D-9DA8-734E06187AE0}.Ad-Hoc|x64.ActiveCfg = Release|Any CPU
		{147CF346-E6D0-4F9D-9DA8-734E06187AE0}.Ad-Hoc|x64.Build.0 = Release|Any CPU
		{147CF346-E6D0-4F9D-9DA8-734E06187AE0}.Ad-Hoc|x86.ActiveCfg = Release|Any CPU
		{147CF346-E6D0-4F9D-9DA8-734E06187AE0}.Ad-Hoc|x86.Build.0 = Release|Any CPU
		{147CF346-E6D0-4F9D-9DA8-734E06187AE0}.AppStore|Any CPU.ActiveCfg = Release|Any CPU
		{147CF346-E6D0-4F9D-9DA8-734E06187AE0}.AppStore|Any CPU.Build.0 = Release|Any CPU
		{147CF346-E6D0-4F9D-9DA8-734E06187AE0}.AppStore|ARM.ActiveCfg = Release|Any CPU
		{147CF346-E6D0-4F9D-9DA8-734E06187AE0}.AppStore|ARM.Build.0 = Release|Any CPU
		{147CF346-E6D0-4F9D-9DA8-734E06187AE0}.AppStore|iPhone.ActiveCfg = Release|Any CPU
		{147CF346-E6D0-4F9D-9DA8-734E06187AE0}.AppStore|iPhone.Build.0 = Release|Any CPU
		{147CF346-E6D0-4F9D-9DA8-734E06187AE0}.AppStore|iPhoneSimulator.ActiveCfg = Release|Any CPU
		{147CF346-E6D0-4F9D-9DA8-734E06187AE0}.AppStore|iPhoneSimulator.Build.0 = Release|Any CPU
		{147CF346-E6D0-4F9D-9DA8-734E06187AE0}.AppStore|x64.ActiveCfg = Release|Any CPU
		{147CF346-E6D0-4F9D-9DA8-734E06187AE0}.AppStore|x64.Build.0 = Release|Any CPU
		{147CF346-E6D0-4F9D-9DA8-734E06187AE0}.AppStore|x86.ActiveCfg = Release|Any CPU
		{147CF346-E6D0-4F9D-9DA8-734E06187AE0}.AppStore|x86.Build.0 = Release|Any CPU
		{147CF346-E6D0-4F9D-9DA8-734E06187AE0}.Debug|Any CPU.ActiveCfg = Debug|Any CPU
		{147CF346-E6D0-4F9D-9DA8-734E06187AE0}.Debug|Any CPU.Build.0 = Debug|Any CPU
		{147CF346-E6D0-4F9D-9DA8-734E06187AE0}.Debug|ARM.ActiveCfg = Debug|Any CPU
		{147CF346-E6D0-4F9D-9DA8-734E06187AE0}.Debug|ARM.Build.0 = Debug|Any CPU
		{147CF346-E6D0-4F9D-9DA8-734E06187AE0}.Debug|iPhone.ActiveCfg = Debug|Any CPU
		{147CF346-E6D0-4F9D-9DA8-734E06187AE0}.Debug|iPhone.Build.0 = Debug|Any CPU
		{147CF346-E6D0-4F9D-9DA8-734E06187AE0}.Debug|iPhoneSimulator.ActiveCfg = Debug|Any CPU
		{147CF346-E6D0-4F9D-9DA8-734E06187AE0}.Debug|iPhoneSimulator.Build.0 = Debug|Any CPU
		{147CF346-E6D0-4F9D-9DA8-734E06187AE0}.Debug|x64.ActiveCfg = Debug|Any CPU
		{147CF346-E6D0-4F9D-9DA8-734E06187AE0}.Debug|x64.Build.0 = Debug|Any CPU
		{147CF346-E6D0-4F9D-9DA8-734E06187AE0}.Debug|x86.ActiveCfg = Debug|Any CPU
		{147CF346-E6D0-4F9D-9DA8-734E06187AE0}.Debug|x86.Build.0 = Debug|Any CPU
		{147CF346-E6D0-4F9D-9DA8-734E06187AE0}.Release|Any CPU.ActiveCfg = Release|Any CPU
		{147CF346-E6D0-4F9D-9DA8-734E06187AE0}.Release|Any CPU.Build.0 = Release|Any CPU
		{147CF346-E6D0-4F9D-9DA8-734E06187AE0}.Release|ARM.ActiveCfg = Release|Any CPU
		{147CF346-E6D0-4F9D-9DA8-734E06187AE0}.Release|ARM.Build.0 = Release|Any CPU
		{147CF346-E6D0-4F9D-9DA8-734E06187AE0}.Release|iPhone.ActiveCfg = Release|Any CPU
		{147CF346-E6D0-4F9D-9DA8-734E06187AE0}.Release|iPhone.Build.0 = Release|Any CPU
		{147CF346-E6D0-4F9D-9DA8-734E06187AE0}.Release|iPhoneSimulator.ActiveCfg = Release|Any CPU
		{147CF346-E6D0-4F9D-9DA8-734E06187AE0}.Release|iPhoneSimulator.Build.0 = Release|Any CPU
		{147CF346-E6D0-4F9D-9DA8-734E06187AE0}.Release|x64.ActiveCfg = Release|Any CPU
		{147CF346-E6D0-4F9D-9DA8-734E06187AE0}.Release|x64.Build.0 = Release|Any CPU
		{147CF346-E6D0-4F9D-9DA8-734E06187AE0}.Release|x86.ActiveCfg = Release|Any CPU
		{147CF346-E6D0-4F9D-9DA8-734E06187AE0}.Release|x86.Build.0 = Release|Any CPU
		{84B3A978-E757-4BFC-B57A-796D6B4CD639}.Ad-Hoc|Any CPU.ActiveCfg = Release|x86
		{84B3A978-E757-4BFC-B57A-796D6B4CD639}.Ad-Hoc|Any CPU.Build.0 = Release|x86
		{84B3A978-E757-4BFC-B57A-796D6B4CD639}.Ad-Hoc|Any CPU.Deploy.0 = Release|x86
		{84B3A978-E757-4BFC-B57A-796D6B4CD639}.Ad-Hoc|ARM.ActiveCfg = Release|ARM
		{84B3A978-E757-4BFC-B57A-796D6B4CD639}.Ad-Hoc|ARM.Build.0 = Release|ARM
		{84B3A978-E757-4BFC-B57A-796D6B4CD639}.Ad-Hoc|ARM.Deploy.0 = Release|ARM
		{84B3A978-E757-4BFC-B57A-796D6B4CD639}.Ad-Hoc|iPhone.ActiveCfg = Release|x86
		{84B3A978-E757-4BFC-B57A-796D6B4CD639}.Ad-Hoc|iPhone.Build.0 = Release|x86
		{84B3A978-E757-4BFC-B57A-796D6B4CD639}.Ad-Hoc|iPhone.Deploy.0 = Release|x86
		{84B3A978-E757-4BFC-B57A-796D6B4CD639}.Ad-Hoc|iPhoneSimulator.ActiveCfg = Release|x86
		{84B3A978-E757-4BFC-B57A-796D6B4CD639}.Ad-Hoc|iPhoneSimulator.Build.0 = Release|x86
		{84B3A978-E757-4BFC-B57A-796D6B4CD639}.Ad-Hoc|iPhoneSimulator.Deploy.0 = Release|x86
		{84B3A978-E757-4BFC-B57A-796D6B4CD639}.Ad-Hoc|x64.ActiveCfg = Release|x64
		{84B3A978-E757-4BFC-B57A-796D6B4CD639}.Ad-Hoc|x64.Build.0 = Release|x64
		{84B3A978-E757-4BFC-B57A-796D6B4CD639}.Ad-Hoc|x64.Deploy.0 = Release|x64
		{84B3A978-E757-4BFC-B57A-796D6B4CD639}.Ad-Hoc|x86.ActiveCfg = Release|x86
		{84B3A978-E757-4BFC-B57A-796D6B4CD639}.Ad-Hoc|x86.Build.0 = Release|x86
		{84B3A978-E757-4BFC-B57A-796D6B4CD639}.Ad-Hoc|x86.Deploy.0 = Release|x86
		{84B3A978-E757-4BFC-B57A-796D6B4CD639}.AppStore|Any CPU.ActiveCfg = Release|x86
		{84B3A978-E757-4BFC-B57A-796D6B4CD639}.AppStore|Any CPU.Build.0 = Release|x86
		{84B3A978-E757-4BFC-B57A-796D6B4CD639}.AppStore|Any CPU.Deploy.0 = Release|x86
		{84B3A978-E757-4BFC-B57A-796D6B4CD639}.AppStore|ARM.ActiveCfg = Release|ARM
		{84B3A978-E757-4BFC-B57A-796D6B4CD639}.AppStore|ARM.Build.0 = Release|ARM
		{84B3A978-E757-4BFC-B57A-796D6B4CD639}.AppStore|ARM.Deploy.0 = Release|ARM
		{84B3A978-E757-4BFC-B57A-796D6B4CD639}.AppStore|iPhone.ActiveCfg = Release|x86
		{84B3A978-E757-4BFC-B57A-796D6B4CD639}.AppStore|iPhone.Build.0 = Release|x86
		{84B3A978-E757-4BFC-B57A-796D6B4CD639}.AppStore|iPhone.Deploy.0 = Release|x86
		{84B3A978-E757-4BFC-B57A-796D6B4CD639}.AppStore|iPhoneSimulator.ActiveCfg = Release|x86
		{84B3A978-E757-4BFC-B57A-796D6B4CD639}.AppStore|iPhoneSimulator.Build.0 = Release|x86
		{84B3A978-E757-4BFC-B57A-796D6B4CD639}.AppStore|iPhoneSimulator.Deploy.0 = Release|x86
		{84B3A978-E757-4BFC-B57A-796D6B4CD639}.AppStore|x64.ActiveCfg = Release|x64
		{84B3A978-E757-4BFC-B57A-796D6B4CD639}.AppStore|x64.Build.0 = Release|x64
		{84B3A978-E757-4BFC-B57A-796D6B4CD639}.AppStore|x64.Deploy.0 = Release|x64
		{84B3A978-E757-4BFC-B57A-796D6B4CD639}.AppStore|x86.ActiveCfg = Release|x86
		{84B3A978-E757-4BFC-B57A-796D6B4CD639}.AppStore|x86.Build.0 = Release|x86
		{84B3A978-E757-4BFC-B57A-796D6B4CD639}.AppStore|x86.Deploy.0 = Release|x86
		{84B3A978-E757-4BFC-B57A-796D6B4CD639}.Debug|Any CPU.ActiveCfg = Debug|x86
		{84B3A978-E757-4BFC-B57A-796D6B4CD639}.Debug|ARM.ActiveCfg = Debug|ARM
		{84B3A978-E757-4BFC-B57A-796D6B4CD639}.Debug|ARM.Build.0 = Debug|ARM
		{84B3A978-E757-4BFC-B57A-796D6B4CD639}.Debug|ARM.Deploy.0 = Debug|ARM
		{84B3A978-E757-4BFC-B57A-796D6B4CD639}.Debug|iPhone.ActiveCfg = Debug|x86
		{84B3A978-E757-4BFC-B57A-796D6B4CD639}.Debug|iPhoneSimulator.ActiveCfg = Debug|x86
		{84B3A978-E757-4BFC-B57A-796D6B4CD639}.Debug|x64.ActiveCfg = Debug|x64
		{84B3A978-E757-4BFC-B57A-796D6B4CD639}.Debug|x64.Build.0 = Debug|x64
		{84B3A978-E757-4BFC-B57A-796D6B4CD639}.Debug|x64.Deploy.0 = Debug|x64
		{84B3A978-E757-4BFC-B57A-796D6B4CD639}.Debug|x86.ActiveCfg = Debug|x86
		{84B3A978-E757-4BFC-B57A-796D6B4CD639}.Debug|x86.Build.0 = Debug|x86
		{84B3A978-E757-4BFC-B57A-796D6B4CD639}.Debug|x86.Deploy.0 = Debug|x86
		{84B3A978-E757-4BFC-B57A-796D6B4CD639}.Release|Any CPU.ActiveCfg = Release|x86
		{84B3A978-E757-4BFC-B57A-796D6B4CD639}.Release|ARM.ActiveCfg = Release|ARM
		{84B3A978-E757-4BFC-B57A-796D6B4CD639}.Release|ARM.Build.0 = Release|ARM
		{84B3A978-E757-4BFC-B57A-796D6B4CD639}.Release|ARM.Deploy.0 = Release|ARM
		{84B3A978-E757-4BFC-B57A-796D6B4CD639}.Release|iPhone.ActiveCfg = Release|x86
		{84B3A978-E757-4BFC-B57A-796D6B4CD639}.Release|iPhoneSimulator.ActiveCfg = Release|x86
		{84B3A978-E757-4BFC-B57A-796D6B4CD639}.Release|x64.ActiveCfg = Release|x64
		{84B3A978-E757-4BFC-B57A-796D6B4CD639}.Release|x64.Build.0 = Release|x64
		{84B3A978-E757-4BFC-B57A-796D6B4CD639}.Release|x64.Deploy.0 = Release|x64
		{84B3A978-E757-4BFC-B57A-796D6B4CD639}.Release|x86.ActiveCfg = Release|x86
		{84B3A978-E757-4BFC-B57A-796D6B4CD639}.Release|x86.Build.0 = Release|x86
		{84B3A978-E757-4BFC-B57A-796D6B4CD639}.Release|x86.Deploy.0 = Release|x86
		{2BCFAFED-71AA-42A9-A265-66D93F88CD89}.Ad-Hoc|Any CPU.ActiveCfg = Ad-Hoc|iPhone
		{2BCFAFED-71AA-42A9-A265-66D93F88CD89}.Ad-Hoc|ARM.ActiveCfg = Ad-Hoc|iPhone
		{2BCFAFED-71AA-42A9-A265-66D93F88CD89}.Ad-Hoc|iPhone.ActiveCfg = Ad-Hoc|iPhone
		{2BCFAFED-71AA-42A9-A265-66D93F88CD89}.Ad-Hoc|iPhone.Build.0 = Ad-Hoc|iPhone
		{2BCFAFED-71AA-42A9-A265-66D93F88CD89}.Ad-Hoc|iPhoneSimulator.ActiveCfg = Ad-Hoc|iPhoneSimulator
		{2BCFAFED-71AA-42A9-A265-66D93F88CD89}.Ad-Hoc|iPhoneSimulator.Build.0 = Ad-Hoc|iPhoneSimulator
		{2BCFAFED-71AA-42A9-A265-66D93F88CD89}.Ad-Hoc|x64.ActiveCfg = Ad-Hoc|iPhone
		{2BCFAFED-71AA-42A9-A265-66D93F88CD89}.Ad-Hoc|x86.ActiveCfg = Ad-Hoc|iPhone
		{2BCFAFED-71AA-42A9-A265-66D93F88CD89}.AppStore|Any CPU.ActiveCfg = AppStore|iPhone
		{2BCFAFED-71AA-42A9-A265-66D93F88CD89}.AppStore|ARM.ActiveCfg = AppStore|iPhone
		{2BCFAFED-71AA-42A9-A265-66D93F88CD89}.AppStore|iPhone.ActiveCfg = AppStore|iPhone
		{2BCFAFED-71AA-42A9-A265-66D93F88CD89}.AppStore|iPhone.Build.0 = AppStore|iPhone
		{2BCFAFED-71AA-42A9-A265-66D93F88CD89}.AppStore|iPhoneSimulator.ActiveCfg = AppStore|iPhoneSimulator
		{2BCFAFED-71AA-42A9-A265-66D93F88CD89}.AppStore|iPhoneSimulator.Build.0 = AppStore|iPhoneSimulator
		{2BCFAFED-71AA-42A9-A265-66D93F88CD89}.AppStore|x64.ActiveCfg = AppStore|iPhone
		{2BCFAFED-71AA-42A9-A265-66D93F88CD89}.AppStore|x86.ActiveCfg = AppStore|iPhone
		{2BCFAFED-71AA-42A9-A265-66D93F88CD89}.Debug|Any CPU.ActiveCfg = Debug|iPhone
		{2BCFAFED-71AA-42A9-A265-66D93F88CD89}.Debug|ARM.ActiveCfg = Debug|iPhone
		{2BCFAFED-71AA-42A9-A265-66D93F88CD89}.Debug|iPhone.ActiveCfg = Debug|iPhone
		{2BCFAFED-71AA-42A9-A265-66D93F88CD89}.Debug|iPhone.Build.0 = Debug|iPhone
		{2BCFAFED-71AA-42A9-A265-66D93F88CD89}.Debug|iPhoneSimulator.ActiveCfg = Debug|iPhoneSimulator
		{2BCFAFED-71AA-42A9-A265-66D93F88CD89}.Debug|iPhoneSimulator.Build.0 = Debug|iPhoneSimulator
		{2BCFAFED-71AA-42A9-A265-66D93F88CD89}.Debug|x64.ActiveCfg = Debug|iPhone
		{2BCFAFED-71AA-42A9-A265-66D93F88CD89}.Debug|x86.ActiveCfg = Debug|iPhone
		{2BCFAFED-71AA-42A9-A265-66D93F88CD89}.Release|Any CPU.ActiveCfg = Release|iPhone
		{2BCFAFED-71AA-42A9-A265-66D93F88CD89}.Release|ARM.ActiveCfg = Release|iPhone
		{2BCFAFED-71AA-42A9-A265-66D93F88CD89}.Release|iPhone.ActiveCfg = Release|iPhone
		{2BCFAFED-71AA-42A9-A265-66D93F88CD89}.Release|iPhone.Build.0 = Release|iPhone
		{2BCFAFED-71AA-42A9-A265-66D93F88CD89}.Release|iPhoneSimulator.ActiveCfg = Release|iPhoneSimulator
		{2BCFAFED-71AA-42A9-A265-66D93F88CD89}.Release|iPhoneSimulator.Build.0 = Release|iPhoneSimulator
		{2BCFAFED-71AA-42A9-A265-66D93F88CD89}.Release|x64.ActiveCfg = Release|iPhone
		{2BCFAFED-71AA-42A9-A265-66D93F88CD89}.Release|x86.ActiveCfg = Release|iPhone
	EndGlobalSection
	GlobalSection(SolutionProperties) = preSolution
		HideSolutionNode = FALSE
	EndGlobalSection
	GlobalSection(ExtensibilityGlobals) = postSolution
		SolutionGuid = {FD1B7CEE-2001-475D-BC6D-6AAE4B717559}
	EndGlobalSection
EndGlobal
